// !$*UTF8*$!
{
	archiveVersion = 1;
	classes = {
	};
	objectVersion = 48;
	objects = {

/* Begin PBXBuildFile section */
		2C16976520A15F8D00048EAA /* DataModel.xcdatamodeld in Sources */ = {isa = PBXBuildFile; fileRef = 2C16976320A15F8D00048EAA /* DataModel.xcdatamodeld */; };
		2CA40C7E20A6C33F00EA19B3 /* CategoryViewController.swift in Sources */ = {isa = PBXBuildFile; fileRef = 2CA40C7D20A6C33F00EA19B3 /* CategoryViewController.swift */; };
		2CEF88FD209AC8F90032D693 /* AppDelegate.swift in Sources */ = {isa = PBXBuildFile; fileRef = 2CEF88FC209AC8F90032D693 /* AppDelegate.swift */; };
		2CEF88FF209AC8F90032D693 /* ToDoListViewController.swift in Sources */ = {isa = PBXBuildFile; fileRef = 2CEF88FE209AC8F90032D693 /* ToDoListViewController.swift */; };
		2CEF8902209AC8F90032D693 /* Main.storyboard in Resources */ = {isa = PBXBuildFile; fileRef = 2CEF8900209AC8F90032D693 /* Main.storyboard */; };
		2CEF8904209AC8F90032D693 /* Assets.xcassets in Resources */ = {isa = PBXBuildFile; fileRef = 2CEF8903209AC8F90032D693 /* Assets.xcassets */; };
		2CEF8907209AC8F90032D693 /* LaunchScreen.storyboard in Resources */ = {isa = PBXBuildFile; fileRef = 2CEF8905209AC8F90032D693 /* LaunchScreen.storyboard */; };
/* End PBXBuildFile section */

/* Begin PBXFileReference section */
		2C16976420A15F8D00048EAA /* DataModel.xcdatamodel */ = {isa = PBXFileReference; lastKnownFileType = wrapper.xcdatamodel; path = DataModel.xcdatamodel; sourceTree = "<group>"; };
		2CA40C7D20A6C33F00EA19B3 /* CategoryViewController.swift */ = {isa = PBXFileReference; lastKnownFileType = sourcecode.swift; path = CategoryViewController.swift; sourceTree = "<group>"; };
		2CEF88F9209AC8F90032D693 /* TODO.app */ = {isa = PBXFileReference; explicitFileType = wrapper.application; includeInIndex = 0; path = TODO.app; sourceTree = BUILT_PRODUCTS_DIR; };
		2CEF88FC209AC8F90032D693 /* AppDelegate.swift */ = {isa = PBXFileReference; lastKnownFileType = sourcecode.swift; path = AppDelegate.swift; sourceTree = "<group>"; };
		2CEF88FE209AC8F90032D693 /* ToDoListViewController.swift */ = {isa = PBXFileReference; lastKnownFileType = sourcecode.swift; path = ToDoListViewController.swift; sourceTree = "<group>"; };
		2CEF8901209AC8F90032D693 /* Base */ = {isa = PBXFileReference; lastKnownFileType = file.storyboard; name = Base; path = Base.lproj/Main.storyboard; sourceTree = "<group>"; };
		2CEF8903209AC8F90032D693 /* Assets.xcassets */ = {isa = PBXFileReference; lastKnownFileType = folder.assetcatalog; path = Assets.xcassets; sourceTree = "<group>"; };
		2CEF8906209AC8F90032D693 /* Base */ = {isa = PBXFileReference; lastKnownFileType = file.storyboard; name = Base; path = Base.lproj/LaunchScreen.storyboard; sourceTree = "<group>"; };
		2CEF8908209AC8F90032D693 /* Info.plist */ = {isa = PBXFileReference; lastKnownFileType = text.plist.xml; path = Info.plist; sourceTree = "<group>"; };
/* End PBXFileReference section */

/* Begin PBXFrameworksBuildPhase section */
		2CEF88F6209AC8F90032D693 /* Frameworks */ = {
			isa = PBXFrameworksBuildPhase;
			buildActionMask = 2147483647;
			files = (
			);
			runOnlyForDeploymentPostprocessing = 0;
		};
/* End PBXFrameworksBuildPhase section */

/* Begin PBXGroup section */
		2C38E0D8209EE2EB00DB9BC9 /* DataModel */ = {
			isa = PBXGroup;
			children = (
				2C16976320A15F8D00048EAA /* DataModel.xcdatamodeld */,
			);
			path = DataModel;
			sourceTree = "<group>";
		};
		2C38E0D9209EE31700DB9BC9 /* Controllers */ = {
			isa = PBXGroup;
			children = (
				2CA40C7D20A6C33F00EA19B3 /* CategoryViewController.swift */,
				2CEF88FE209AC8F90032D693 /* ToDoListViewController.swift */,
			);
			path = Controllers;
			sourceTree = "<group>";
		};
		2C38E0DA209EE32400DB9BC9 /* Views */ = {
			isa = PBXGroup;
			children = (
				2CEF8900209AC8F90032D693 /* Main.storyboard */,
			);
			path = Views;
			sourceTree = "<group>";
		};
		2C38E0DB209EE3A100DB9BC9 /* SupportingFiles */ = {
			isa = PBXGroup;
			children = (
				2CEF8903209AC8F90032D693 /* Assets.xcassets */,
				2CEF8905209AC8F90032D693 /* LaunchScreen.storyboard */,
			);
			path = SupportingFiles;
			sourceTree = "<group>";
		};
		2CEF88F0209AC8F90032D693 = {
			isa = PBXGroup;
			children = (
				2CEF88FB209AC8F90032D693 /* TODO */,
				2CEF88FA209AC8F90032D693 /* Products */,
			);
			sourceTree = "<group>";
		};
		2CEF88FA209AC8F90032D693 /* Products */ = {
			isa = PBXGroup;
			children = (
				2CEF88F9209AC8F90032D693 /* TODO.app */,
			);
			name = Products;
			sourceTree = "<group>";
		};
		2CEF88FB209AC8F90032D693 /* TODO */ = {
			isa = PBXGroup;
			children = (
				2CEF88FC209AC8F90032D693 /* AppDelegate.swift */,
				2C38E0DA209EE32400DB9BC9 /* Views */,
				2C38E0D9209EE31700DB9BC9 /* Controllers */,
				2C38E0D8209EE2EB00DB9BC9 /* DataModel */,
				2C38E0DB209EE3A100DB9BC9 /* SupportingFiles */,
				2CEF8908209AC8F90032D693 /* Info.plist */,
			);
			path = TODO;
			sourceTree = "<group>";
		};
/* End PBXGroup section */

/* Begin PBXNativeTarget section */
		2CEF88F8209AC8F90032D693 /* TODO */ = {
			isa = PBXNativeTarget;
			buildConfigurationList = 2CEF890B209AC8F90032D693 /* Build configuration list for PBXNativeTarget "TODO" */;
			buildPhases = (
				2CEF88F5209AC8F90032D693 /* Sources */,
				2CEF88F6209AC8F90032D693 /* Frameworks */,
				2CEF88F7209AC8F90032D693 /* Resources */,
			);
			buildRules = (
			);
			dependencies = (
			);
			name = TODO;
			productName = TODO;
			productReference = 2CEF88F9209AC8F90032D693 /* TODO.app */;
			productType = "com.apple.product-type.application";
		};
/* End PBXNativeTarget section */

/* Begin PBXProject section */
		2CEF88F1209AC8F90032D693 /* Project object */ = {
			isa = PBXProject;
			attributes = {
				LastSwiftUpdateCheck = 0920;
				LastUpgradeCheck = 0920;
				ORGANIZATIONNAME = "shubham jain";
				TargetAttributes = {
					2CEF88F8209AC8F90032D693 = {
						CreatedOnToolsVersion = 9.2;
						ProvisioningStyle = Automatic;
					};
				};
			};
			buildConfigurationList = 2CEF88F4209AC8F90032D693 /* Build configuration list for PBXProject "TODO" */;
			compatibilityVersion = "Xcode 8.0";
			developmentRegion = en;
			hasScannedForEncodings = 0;
			knownRegions = (
				en,
				Base,
			);
			mainGroup = 2CEF88F0209AC8F90032D693;
			productRefGroup = 2CEF88FA209AC8F90032D693 /* Products */;
			projectDirPath = "";
			projectRoot = "";
			targets = (
				2CEF88F8209AC8F90032D693 /* TODO */,
			);
		};
/* End PBXProject section */

/* Begin PBXResourcesBuildPhase section */
		2CEF88F7209AC8F90032D693 /* Resources */ = {
			isa = PBXResourcesBuildPhase;
			buildActionMask = 2147483647;
			files = (
				2CEF8907209AC8F90032D693 /* LaunchScreen.storyboard in Resources */,
				2CEF8904209AC8F90032D693 /* Assets.xcassets in Resources */,
				2CEF8902209AC8F90032D693 /* Main.storyboard in Resources */,
			);
			runOnlyForDeploymentPostprocessing = 0;
		};
/* End PBXResourcesBuildPhase section */

/* Begin PBXSourcesBuildPhase section */
		2CEF88F5209AC8F90032D693 /* Sources */ = {
			isa = PBXSourcesBuildPhase;
			buildActionMask = 2147483647;
			files = (
				2CA40C7E20A6C33F00EA19B3 /* CategoryViewController.swift in Sources */,
				2CEF88FF209AC8F90032D693 /* ToDoListViewController.swift in Sources */,
				2C16976520A15F8D00048EAA /* DataModel.xcdatamodeld in Sources */,
				2CEF88FD209AC8F90032D693 /* AppDelegate.swift in Sources */,
			);
			runOnlyForDeploymentPostprocessing = 0;
		};
/* End PBXSourcesBuildPhase section */

/* Begin PBXVariantGroup section */
		2CEF8900209AC8F90032D693 /* Main.storyboard */ = {
			isa = PBXVariantGroup;
			children = (
				2CEF8901209AC8F90032D693 /* Base */,
			);
			name = Main.storyboard;
			sourceTree = "<group>";
		};
		2CEF8905209AC8F90032D693 /* LaunchScreen.storyboard */ = {
			isa = PBXVariantGroup;
			children = (
				2CEF8906209AC8F90032D693 /* Base */,
			);
			name = LaunchScreen.storyboard;
			sourceTree = "<group>";
		};
/* End PBXVariantGroup section */

/* Begin XCBuildConfiguration section */
		2CEF8909209AC8F90032D693 /* Debug */ = {
			isa = XCBuildConfiguration;
			buildSettings = {
				ALWAYS_SEARCH_USER_PATHS = NO;
				CLANG_ANALYZER_NONNULL = YES;
				CLANG_ANALYZER_NUMBER_OBJECT_CONVERSION = YES_AGGRESSIVE;
				CLANG_CXX_LANGUAGE_STANDARD = "gnu++14";
				CLANG_CXX_LIBRARY = "libc++";
				CLANG_ENABLE_MODULES = YES;
				CLANG_ENABLE_OBJC_ARC = YES;
				CLANG_WARN_BLOCK_CAPTURE_AUTORELEASING = YES;
				CLANG_WARN_BOOL_CONVERSION = YES;
				CLANG_WARN_COMMA = YES;
				CLANG_WARN_CONSTANT_CONVERSION = YES;
				CLANG_WARN_DIRECT_OBJC_ISA_USAGE = YES_ERROR;
				CLANG_WARN_DOCUMENTATION_COMMENTS = YES;
				CLANG_WARN_EMPTY_BODY = YES;
				CLANG_WARN_ENUM_CONVERSION = YES;
				CLANG_WARN_INFINITE_RECURSION = YES;
				CLANG_WARN_INT_CONVERSION = YES;
				CLANG_WARN_NON_LITERAL_NULL_CONVERSION = YES;
				CLANG_WARN_OBJC_LITERAL_CONVERSION = YES;
				CLANG_WARN_OBJC_ROOT_CLASS = YES_ERROR;
				CLANG_WARN_RANGE_LOOP_ANALYSIS = YES;
				CLANG_WARN_STRICT_PROTOTYPES = YES;
				CLANG_WARN_SUSPICIOUS_MOVE = YES;
				CLANG_WARN_UNGUARDED_AVAILABILITY = YES_AGGRESSIVE;
				CLANG_WARN_UNREACHABLE_CODE = YES;
				CLANG_WARN__DUPLICATE_METHOD_MATCH = YES;
				CODE_SIGN_IDENTITY = "iPhone Developer";
				COPY_PHASE_STRIP = NO;
				DEBUG_INFORMATION_FORMAT = dwarf;
				ENABLE_STRICT_OBJC_MSGSEND = YES;
				ENABLE_TESTABILITY = YES;
				GCC_C_LANGUAGE_STANDARD = gnu11;
				GCC_DYNAMIC_NO_PIC = NO;
				GCC_NO_COMMON_BLOCKS = YES;
				GCC_OPTIMIZATION_LEVEL = 0;
				GCC_PREPROCESSOR_DEFINITIONS = (
					"DEBUG=1",
					"$(inherited)",
				);
				GCC_WARN_64_TO_32_BIT_CONVERSION = YES;
				GCC_WARN_ABOUT_RETURN_TYPE = YES_ERROR;
				GCC_WARN_UNDECLARED_SELECTOR = YES;
				GCC_WARN_UNINITIALIZED_AUTOS = YES_AGGRESSIVE;
				GCC_WARN_UNUSED_FUNCTION = YES;
				GCC_WARN_UNUSED_VARIABLE = YES;
				IPHONEOS_DEPLOYMENT_TARGET = 11.2;
				MTL_ENABLE_DEBUG_INFO = YES;
				ONLY_ACTIVE_ARCH = YES;
				SDKROOT = iphoneos;
				SWIFT_ACTIVE_COMPILATION_CONDITIONS = DEBUG;
				SWIFT_OPTIMIZATION_LEVEL = "-Onone";
			};
			name = Debug;
		};
		2CEF890A209AC8F90032D693 /* Release */ = {
			isa = XCBuildConfiguration;
			buildSettings = {
				ALWAYS_SEARCH_USER_PATHS = NO;
				CLANG_ANALYZER_NONNULL = YES;
				CLANG_ANALYZER_NUMBER_OBJECT_CONVERSION = YES_AGGRESSIVE;
				CLANG_CXX_LANGUAGE_STANDARD = "gnu++14";
				CLANG_CXX_LIBRARY = "libc++";
				CLANG_ENABLE_MODULES = YES;
				CLANG_ENABLE_OBJC_ARC = YES;
				CLANG_WARN_BLOCK_CAPTURE_AUTORELEASING = YES;
				CLANG_WARN_BOOL_CONVERSION = YES;
				CLANG_WARN_COMMA = YES;
				CLANG_WARN_CONSTANT_CONVERSION = YES;
				CLANG_WARN_DIRECT_OBJC_ISA_USAGE = YES_ERROR;
				CLANG_WARN_DOCUMENTATION_COMMENTS = YES;
				CLANG_WARN_EMPTY_BODY = YES;
				CLANG_WARN_ENUM_CONVERSION = YES;
				CLANG_WARN_INFINITE_RECURSION = YES;
				CLANG_WARN_INT_CONVERSION = YES;
				CLANG_WARN_NON_LITERAL_NULL_CONVERSION = YES;
				CLANG_WARN_OBJC_LITERAL_CONVERSION = YES;
				CLANG_WARN_OBJC_ROOT_CLASS = YES_ERROR;
				CLANG_WARN_RANGE_LOOP_ANALYSIS = YES;
				CLANG_WARN_STRICT_PROTOTYPES = YES;
				CLANG_WARN_SUSPICIOUS_MOVE = YES;
				CLANG_WARN_UNGUARDED_AVAILABILITY = YES_AGGRESSIVE;
				CLANG_WARN_UNREACHABLE_CODE = YES;
				CLANG_WARN__DUPLICATE_METHOD_MATCH = YES;
				CODE_SIGN_IDENTITY = "iPhone Developer";
				COPY_PHASE_STRIP = NO;
				DEBUG_INFORMATION_FORMAT = "dwarf-with-dsym";
				ENABLE_NS_ASSERTIONS = NO;
				ENABLE_STRICT_OBJC_MSGSEND = YES;
				GCC_C_LANGUAGE_STANDARD = gnu11;
				GCC_NO_COMMON_BLOCKS = YES;
				GCC_WARN_64_TO_32_BIT_CONVERSION = YES;
				GCC_WARN_ABOUT_RETURN_TYPE = YES_ERROR;
				GCC_WARN_UNDECLARED_SELECTOR = YES;
				GCC_WARN_UNINITIALIZED_AUTOS = YES_AGGRESSIVE;
				GCC_WARN_UNUSED_FUNCTION = YES;
				GCC_WARN_UNUSED_VARIABLE = YES;
				IPHONEOS_DEPLOYMENT_TARGET = 11.2;
				MTL_ENABLE_DEBUG_INFO = NO;
				SDKROOT = iphoneos;
				SWIFT_OPTIMIZATION_LEVEL = "-Owholemodule";
				VALIDATE_PRODUCT = YES;
			};
			name = Release;
		};
		2CEF890C209AC8F90032D693 /* Debug */ = {
			isa = XCBuildConfiguration;
			buildSettings = {
				ASSETCATALOG_COMPILER_APPICON_NAME = AppIcon;
				CODE_SIGN_STYLE = Automatic;
				DEVELOPMENT_TEAM = 54XUWXJG64;
				INFOPLIST_FILE = TODO/Info.plist;
				LD_RUNPATH_SEARCH_PATHS = "$(inherited) @executable_path/Frameworks";
				PRODUCT_BUNDLE_IDENTIFIER = com.peake.TODO;
				PRODUCT_NAME = "$(TARGET_NAME)";
				SWIFT_VERSION = 4.0;
				TARGETED_DEVICE_FAMILY = "1,2";
			};
			name = Debug;
		};
		2CEF890D209AC8F90032D693 /* Release */ = {
			isa = XCBuildConfiguration;
			buildSettings = {
				ASSETCATALOG_COMPILER_APPICON_NAME = AppIcon;
				CODE_SIGN_STYLE = Automatic;
				DEVELOPMENT_TEAM = 54XUWXJG64;
				INFOPLIST_FILE = TODO/Info.plist;
				LD_RUNPATH_SEARCH_PATHS = "$(inherited) @executable_path/Frameworks";
				PRODUCT_BUNDLE_IDENTIFIER = com.peake.TODO;
				PRODUCT_NAME = "$(TARGET_NAME)";
				SWIFT_VERSION = 4.0;
				TARGETED_DEVICE_FAMILY = "1,2";
			};
			name = Release;
		};
/* End XCBuildConfiguration section */

/* Begin XCConfigurationList section */
		2CEF88F4209AC8F90032D693 /* Build configuration list for PBXProject "TODO" */ = {
			isa = XCConfigurationList;
			buildConfigurations = (
				2CEF8909209AC8F90032D693 /* Debug */,
				2CEF890A209AC8F90032D693 /* Release */,
			);
			defaultConfigurationIsVisible = 0;
			defaultConfigurationName = Release;
		};
		2CEF890B209AC8F90032D693 /* Build configuration list for PBXNativeTarget "TODO" */ = {
			isa = XCConfigurationList;
			buildConfigurations = (
				2CEF890C209AC8F90032D693 /* Debug */,
				2CEF890D209AC8F90032D693 /* Release */,
			);
			defaultConfigurationIsVisible = 0;
			defaultConfigurationName = Release;
		};
/* End XCConfigurationList section */

/* Begin XCVersionGroup section */
		2C16976320A15F8D00048EAA /* DataModel.xcdatamodeld */ = {
			isa = XCVersionGroup;
			children = (
				2C16976420A15F8D00048EAA /* DataModel.xcdatamodel */,
			);
			currentVersion = 2C16976420A15F8D00048EAA /* DataModel.xcdatamodel */;
			path = DataModel.xcdatamodeld;
			sourceTree = "<group>";
			versionGroupType = wrapper.xcdatamodel;
		};
/* End XCVersionGroup section */
	};
	rootObject = 2CEF88F1209AC8F90032D693 /* Project object */;
}
